lockfileVersion: '9.0'

settings:
  autoInstallPeers: true
  excludeLinksFromLockfile: false

importers:

  .:
    dependencies:
      '@dimforge/rapier3d-compat':
        specifier: 0.20.0
        version: 0.20.0
      three:
        specifier: 0.186.0
        version: 0.186.0
      three-webgl1:
        specifier: npm:three@0.162.0
        version: three@0.162.0

packages:

  '@dimforge/rapier3d-compat@0.20.0':
    resolution: {integrity: sha512-X4W9pJBdGRX5CO3c/gUNjBFEFG2fn4nYxp9k8STdBDaLa0/w5XTW2ArpayS+9jGFojTi3uFSOWAElCd4rkpekA==}

  three@0.162.0:
    resolution: {integrity: sha512-xfCYj4RnlozReCmUd+XQzj6/5OjDNHBy5nT6rVwrOKGENAvpXe2z1jL+DZYaMu4/9pNsjH/4Os/VvS9IrH7IOQ==}

  three@0.186.0:
    resolution: {integrity: sha512-cr/fIM2ddMSVbYVgkfD4jLJv7Fh/8ZTjvo+7gQeSVGUZHxpx9FDwoL5iC7hUz/LiRA8wMbqfnb90xKfm1/HHkQ==}

snapshots:

  '@dimforge/rapier3d-compat@0.20.0': {}

  three@0.162.0: {}

  three@0.186.0: {}
